{
  "lockfileVersion": 1,
  "configVersion": 1,
  "workspaces": {
    "": {
      "name": "mullvader",
      "dependencies": {
        "@inquirer/prompts": "^8.3.2",
      },
      "devDependencies": {
        "@biomejs/biome": "^2.4.6",
        "@types/bun": "latest",
        "@types/node": "^25.3.5",
        "knip": "^5.85.0",
      },
      "peerDependencies": {
        "typescript": "^5",
      },
    },
  },
  "packages": {
    "@biomejs/biome": ["@biomejs/biome@2.4.6", "", { "optionalDependencies": { "@biomejs/cli-darwin-arm64": "2.4.6", "@biomejs/cli-darwin-x64": "2.4.6", "@biomejs/cli-linux-arm64": "2.4.6", "@biomejs/cli-linux-arm64-musl": "2.4.6", "@biomejs/cli-linux-x64": "2.4.6", "@biomejs/cli-linux-x64-musl": "2.4.6", "@biomejs/cli-win32-arm64": "2.4.6", "@biomejs/cli-win32-x64": "2.4.6" }, "bin": { "biome": "bin/biome" } }, "sha512-QnHe81PMslpy3mnpL8DnO2M4S4ZnYPkjlGCLWBZT/3R9M6b5daArWMMtEfP52/n174RKnwRIf3oT8+wc9ihSfQ=="],

    "@biomejs/cli-darwin-arm64": ["@biomejs/cli-darwin-arm64@2.4.6", "", { "os": "darwin", "cpu": "arm64" }, "sha512-NW18GSyxr+8sJIqgoGwVp5Zqm4SALH4b4gftIA0n62PTuBs6G2tHlwNAOj0Vq0KKSs7Sf88VjjmHh0O36EnzrQ=="],

    "@biomejs/cli-darwin-x64": ["@biomejs/cli-darwin-x64@2.4.6", "", { "os": "darwin", "cpu": "x64" }, "sha512-4uiE/9tuI7cnjtY9b07RgS7gGyYOAfIAGeVJWEfeCnAarOAS7qVmuRyX6d7JTKw28/mt+rUzMasYeZ+0R/U1Mw=="],

    "@biomejs/cli-linux-arm64": ["@biomejs/cli-linux-arm64@2.4.6", "", { "os": "linux", "cpu": "arm64" }, "sha512-kMLaI7OF5GN1Q8Doymjro1P8rVEoy7BKQALNz6fiR8IC1WKduoNyteBtJlHT7ASIL0Cx2jR6VUOBIbcB1B8pew=="],

    "@biomejs/cli-linux-arm64-musl": ["@biomejs/cli-linux-arm64-musl@2.4.6", "", { "os": "linux", "cpu": "arm64" }, "sha512-F/JdB7eN22txiTqHM5KhIVt0jVkzZwVYrdTR1O3Y4auBOQcXxHK4dxULf4z43QyZI5tsnQJrRBHZy7wwtL+B3A=="],

    "@biomejs/cli-linux-x64": ["@biomejs/cli-linux-x64@2.4.6", "", { "os": "linux", "cpu": "x64" }, "sha512-oHXmUFEoH8Lql1xfc3QkFLiC1hGR7qedv5eKNlC185or+o4/4HiaU7vYODAH3peRCfsuLr1g6v2fK9dFFOYdyw=="],

    "@biomejs/cli-linux-x64-musl": ["@biomejs/cli-linux-x64-musl@2.4.6", "", { "os": "linux", "cpu": "x64" }, "sha512-C9s98IPDu7DYarjlZNuzJKTjVHN03RUnmHV5htvqsx6vEUXCDSJ59DNwjKVD5XYoSS4N+BYhq3RTBAL8X6svEg=="],

    "@biomejs/cli-win32-arm64": ["@biomejs/cli-win32-arm64@2.4.6", "", { "os": "win32", "cpu": "arm64" }, "sha512-xzThn87Pf3YrOGTEODFGONmqXpTwUNxovQb72iaUOdcw8sBSY3+3WD8Hm9IhMYLnPi0n32s3L3NWU6+eSjfqFg=="],

    "@biomejs/cli-win32-x64": ["@biomejs/cli-win32-x64@2.4.6", "", { "os": "win32", "cpu": "x64" }, "sha512-7++XhnsPlr1HDbor5amovPjOH6vsrFOCdp93iKXhFn6bcMUI6soodj3WWKfgEO6JosKU1W5n3uky3WW9RlRjTg=="],

    "@emnapi/core": ["@emnapi/core@1.8.1", "", { "dependencies": { "@emnapi/wasi-threads": "1.1.0", "tslib": "^2.4.0" } }, "sha512-AvT9QFpxK0Zd8J0jopedNm+w/2fIzvtPKPjqyw9jwvBaReTTqPBk9Hixaz7KbjimP+QNz605/XnjFcDAL2pqBg=="],

    "@emnapi/runtime": ["@emnapi/runtime@1.8.1", "", { "dependencies": { "tslib": "^2.4.0" } }, "sha512-mehfKSMWjjNol8659Z8KxEMrdSJDDot5SXMq00dM8BN4o+CLNXQ0xH2V7EchNHV4RmbZLmmPdEaXZc5H2FXmDg=="],

    "@emnapi/wasi-threads": ["@emnapi/wasi-threads@1.1.0", "", { "dependencies": { "tslib": "^2.4.0" } }, "sha512-WI0DdZ8xFSbgMjR1sFsKABJ/C5OnRrjT06JXbZKexJGrDuPTzZdDYfFlsgcCXCyf+suG5QU2e/y1Wo2V/OapLQ=="],

    "@inquirer/ansi": ["@inquirer/ansi@2.0.4", "", {}, "sha512-DpcZrQObd7S0R/U3bFdkcT5ebRwbTTC4D3tCc1vsJizmgPLxNJBo+AAFmrZwe8zk30P2QzgzGWZ3Q9uJwWuhIg=="],

    "@inquirer/checkbox": ["@inquirer/checkbox@5.1.2", "", { "dependencies": { "@inquirer/ansi": "^2.0.4", "@inquirer/core": "^11.1.7", "@inquirer/figures": "^2.0.4", "@inquirer/type": "^4.0.4" }, "peerDependencies": { "@types/node": ">=18" }, "optionalPeers": ["@types/node"] }, "sha512-PubpMPO2nJgMufkoB3P2wwxNXEMUXnBIKi/ACzDUYfaoPuM7gSTmuxJeMscoLVEsR4qqrCMf5p0SiYGWnVJ8kw=="],

    "@inquirer/confirm": ["@inquirer/confirm@6.0.10", "", { "dependencies": { "@inquirer/core": "^11.1.7", "@inquirer/type": "^4.0.4" }, "peerDependencies": { "@types/node": ">=18" }, "optionalPeers": ["@types/node"] }, "sha512-tiNyA73pgpQ0FQ7axqtoLUe4GDYjNCDcVsbgcA5anvwg2z6i+suEngLKKJrWKJolT//GFPZHwN30binDIHgSgQ=="],

    "@inquirer/core": ["@inquirer/core@11.1.7", "", { "dependencies": { "@inquirer/ansi": "^2.0.4", "@inquirer/figures": "^2.0.4", "@inquirer/type": "^4.0.4", "cli-width": "^4.1.0", "fast-wrap-ansi": "^0.2.0", "mute-stream": "^3.0.0", "signal-exit": "^4.1.0" }, "peerDependencies": { "@types/node": ">=18" }, "optionalPeers": ["@types/node"] }, "sha512-1BiBNDk9btIwYIzNZpkikIHXWeNzNncJePPqwDyVMhXhD1ebqbpn1mKGctpoqAbzywZfdG0O4tvmsGIcOevAPQ=="],

    "@inquirer/editor": ["@inquirer/editor@5.0.10", "", { "dependencies": { "@inquirer/core": "^11.1.7", "@inquirer/external-editor": "^2.0.4", "@inquirer/type": "^4.0.4" }, "peerDependencies": { "@types/node": ">=18" }, "optionalPeers": ["@types/node"] }, "sha512-VJx4XyaKea7t8hEApTw5dxeIyMtWXre2OiyJcICCRZI4hkoHsMoCnl/KbUnJJExLbH9csLLHMVR144ZhFE1CwA=="],

    "@inquirer/expand": ["@inquirer/expand@5.0.10", "", { "dependencies": { "@inquirer/core": "^11.1.7", "@inquirer/type": "^4.0.4" }, "peerDependencies": { "@types/node": ">=18" }, "optionalPeers": ["@types/node"] }, "sha512-fC0UHJPXsTRvY2fObiwuQYaAnHrp3aDqfwKUJSdfpgv18QUG054ezGbaRNStk/BKD5IPijeMKWej8VV8O5Q/eQ=="],

    "@inquirer/external-editor": ["@inquirer/external-editor@2.0.4", "", { "dependencies": { "chardet": "^2.1.1", "iconv-lite": "^0.7.2" }, "peerDependencies": { "@types/node": ">=18" }, "optionalPeers": ["@types/node"] }, "sha512-Prenuv9C1PHj2Itx0BcAOVBTonz02Hc2Nd2DbU67PdGUaqn0nPCnV34oDyyoaZHnmfRxkpuhh/u51ThkrO+RdA=="],

    "@inquirer/figures": ["@inquirer/figures@2.0.4", "", {}, "sha512-eLBsjlS7rPS3WEhmOmh1znQ5IsQrxWzxWDxO51e4urv+iVrSnIHbq4zqJIOiyNdYLa+BVjwOtdetcQx1lWPpiQ=="],

    "@inquirer/input": ["@inquirer/input@5.0.10", "", { "dependencies": { "@inquirer/core": "^11.1.7", "@inquirer/type": "^4.0.4" }, "peerDependencies": { "@types/node": ">=18" }, "optionalPeers": ["@types/node"] }, "sha512-nvZ6qEVeX/zVtZ1dY2hTGDQpVGD3R7MYPLODPgKO8Y+RAqxkrP3i/3NwF3fZpLdaMiNuK0z2NaYIx9tPwiSegQ=="],

    "@inquirer/number": ["@inquirer/number@4.0.10", "", { "dependencies": { "@inquirer/core": "^11.1.7", "@inquirer/type": "^4.0.4" }, "peerDependencies": { "@types/node": ">=18" }, "optionalPeers": ["@types/node"] }, "sha512-Ht8OQstxiS3APMGjHV0aYAjRAysidWdwurWEo2i8yI5xbhOBWqizT0+MU1S2GCcuhIBg+3SgWVjEoXgfhY+XaA=="],

    "@inquirer/password": ["@inquirer/password@5.0.10", "", { "dependencies": { "@inquirer/ansi": "^2.0.4", "@inquirer/core": "^11.1.7", "@inquirer/type": "^4.0.4" }, "peerDependencies": { "@types/node": ">=18" }, "optionalPeers": ["@types/node"] }, "sha512-QbNyvIE8q2GTqKLYSsA8ATG+eETo+m31DSR0+AU7x3d2FhaTWzqQek80dj3JGTo743kQc6mhBR0erMjYw5jQ0A=="],

    "@inquirer/prompts": ["@inquirer/prompts@8.3.2", "", { "dependencies": { "@inquirer/checkbox": "^5.1.2", "@inquirer/confirm": "^6.0.10", "@inquirer/editor": "^5.0.10", "@inquirer/expand": "^5.0.10", "@inquirer/input": "^5.0.10", "@inquirer/number": "^4.0.10", "@inquirer/password": "^5.0.10", "@inquirer/rawlist": "^5.2.6", "@inquirer/search": "^4.1.6", "@inquirer/select": "^5.1.2" }, "peerDependencies": { "@types/node": ">=18" }, "optionalPeers": ["@types/node"] }, "sha512-yFroiSj2iiBFlm59amdTvAcQFvWS6ph5oKESls/uqPBect7rTU2GbjyZO2DqxMGuIwVA8z0P4K6ViPcd/cp+0w=="],

    "@inquirer/rawlist": ["@inquirer/rawlist@5.2.6", "", { "dependencies": { "@inquirer/core": "^11.1.7", "@inquirer/type": "^4.0.4" }, "peerDependencies": { "@types/node": ">=18" }, "optionalPeers": ["@types/node"] }, "sha512-jfw0MLJ5TilNsa9zlJ6nmRM0ZFVZhhTICt4/6CU2Dv1ndY7l3sqqo1gIYZyMMDw0LvE1u1nzJNisfHEhJIxq5w=="],

    "@inquirer/search": ["@inquirer/search@4.1.6", "", { "dependencies": { "@inquirer/core": "^11.1.7", "@inquirer/figures": "^2.0.4", "@inquirer/type": "^4.0.4" }, "peerDependencies": { "@types/node": ">=18" }, "optionalPeers": ["@types/node"] }, "sha512-3/6kTRae98hhDevENScy7cdFEuURnSpM3JbBNg8yfXLw88HgTOl+neUuy/l9W0No5NzGsLVydhBzTIxZP7yChQ=="],

    "@inquirer/select": ["@inquirer/select@5.1.2", "", { "dependencies": { "@inquirer/ansi": "^2.0.4", "@inquirer/core": "^11.1.7", "@inquirer/figures": "^2.0.4", "@inquirer/type": "^4.0.4" }, "peerDependencies": { "@types/node": ">=18" }, "optionalPeers": ["@types/node"] }, "sha512-kTK8YIkHV+f02y7bWCh7E0u2/11lul5WepVTclr3UMBtBr05PgcZNWfMa7FY57ihpQFQH/spLMHTcr0rXy50tA=="],

    "@inquirer/type": ["@inquirer/type@4.0.4", "", { "peerDependencies": { "@types/node": ">=18" }, "optionalPeers": ["@types/node"] }, "sha512-PamArxO3cFJZoOzspzo6cxVlLeIftyBsZw/S9bKY5DzxqJVZgjoj1oP8d0rskKtp7sZxBycsoer1g6UeJV1BBA=="],

    "@napi-rs/wasm-runtime": ["@napi-rs/wasm-runtime@1.1.1", "", { "dependencies": { "@emnapi/core": "^1.7.1", "@emnapi/runtime": "^1.7.1", "@tybys/wasm-util": "^0.10.1" } }, "sha512-p64ah1M1ld8xjWv3qbvFwHiFVWrq1yFvV4f7w+mzaqiR4IlSgkqhcRdHwsGgomwzBH51sRY4NEowLxnaBjcW/A=="],

    "@nodelib/fs.scandir": ["@nodelib/fs.scandir@2.1.5", "", { "dependencies": { "@nodelib/fs.stat": "2.0.5", "run-parallel": "^1.1.9" } }, "sha512-vq24Bq3ym5HEQm2NKCr3yXDwjc7vTsEThRDnkp2DK9p1uqLR+DHurm/NOTo0KG7HYHU7eppKZj3MyqYuMBf62g=="],

    "@nodelib/fs.stat": ["@nodelib/fs.stat@2.0.5", "", {}, "sha512-RkhPPp2zrqDAQA/2jNhnztcPAlv64XdhIp7a7454A5ovI7Bukxgt7MX7udwAu3zg1DcpPU0rz3VV1SeaqvY4+A=="],

    "@nodelib/fs.walk": ["@nodelib/fs.walk@1.2.8", "", { "dependencies": { "@nodelib/fs.scandir": "2.1.5", "fastq": "^1.6.0" } }, "sha512-oGB+UxlgWcgQkgwo8GcEGwemoTFt3FIO9ababBmaGwXIoBKZ+GTy0pP185beGg7Llih/NSHSV2XAs1lnznocSg=="],

    "@oxc-resolver/binding-android-arm-eabi": ["@oxc-resolver/binding-android-arm-eabi@11.19.1", "", { "os": "android", "cpu": "arm" }, "sha512-aUs47y+xyXHUKlbhqHUjBABjvycq6YSD7bpxSW7vplUmdzAlJ93yXY6ZR0c1o1x5A/QKbENCvs3+NlY8IpIVzg=="],

    "@oxc-resolver/binding-android-arm64": ["@oxc-resolver/binding-android-arm64@11.19.1", "", { "os": "android", "cpu": "arm64" }, "sha512-oolbkRX+m7Pq2LNjr/kKgYeC7bRDMVTWPgxBGMjSpZi/+UskVo4jsMU3MLheZV55jL6c3rNelPl4oD60ggYmqA=="],

    "@oxc-resolver/binding-darwin-arm64": ["@oxc-resolver/binding-darwin-arm64@11.19.1", "", { "os": "darwin", "cpu": "arm64" }, "sha512-nUC6d2i3R5B12sUW4O646qD5cnMXf2oBGPLIIeaRfU9doJRORAbE2SGv4eW6rMqhD+G7nf2Y8TTJTLiiO3Q/dQ=="],

    "@oxc-resolver/binding-darwin-x64": ["@oxc-resolver/binding-darwin-x64@11.19.1", "", { "os": "darwin", "cpu": "x64" }, "sha512-cV50vE5+uAgNcFa3QY1JOeKDSkM/9ReIcc/9wn4TavhW/itkDGrXhw9jaKnkQnGbjJ198Yh5nbX/Gr2mr4Z5jQ=="],

    "@oxc-resolver/binding-freebsd-x64": ["@oxc-resolver/binding-freebsd-x64@11.19.1", "", { "os": "freebsd", "cpu": "x64" }, "sha512-xZOQiYGFxtk48PBKff+Zwoym7ScPAIVp4c14lfLxizO2LTTTJe5sx9vQNGrBymrf/vatSPNMD4FgsaaRigPkqw=="],

    "@oxc-resolver/binding-linux-arm-gnueabihf": ["@oxc-resolver/binding-linux-arm-gnueabihf@11.19.1", "", { "os": "linux", "cpu": "arm" }, "sha512-lXZYWAC6kaGe/ky2su94e9jN9t6M0/6c+GrSlCqL//XO1cxi5lpAhnJYdyrKfm0ZEr/c7RNyAx3P7FSBcBd5+A=="],

    "@oxc-resolver/binding-linux-arm-musleabihf": ["@oxc-resolver/binding-linux-arm-musleabihf@11.19.1", "", { "os": "linux", "cpu": "arm" }, "sha512-veG1kKsuK5+t2IsO9q0DErYVSw2azvCVvWHnfTOS73WE0STdLLB7Q1bB9WR+yHPQM76ASkFyRbogWo1GR1+WbQ=="],

    "@oxc-resolver/binding-linux-arm64-gnu": ["@oxc-resolver/binding-linux-arm64-gnu@11.19.1", "", { "os": "linux", "cpu": "arm64" }, "sha512-heV2+jmXyYnUrpUXSPugqWDRpnsQcDm2AX4wzTuvgdlZfoNYO0O3W2AVpJYaDn9AG4JdM6Kxom8+foE7/BcSig=="],

    "@oxc-resolver/binding-linux-arm64-musl": ["@oxc-resolver/binding-linux-arm64-musl@11.19.1", "", { "os": "linux", "cpu": "arm64" }, "sha512-jvo2Pjs1c9KPxMuMPIeQsgu0mOJF9rEb3y3TdpsrqwxRM+AN6/nDDwv45n5ZrUnQMsdBy5gIabioMKnQfWo9ew=="],

    "@oxc-resolver/binding-linux-ppc64-gnu": ["@oxc-resolver/binding-linux-ppc64-gnu@11.19.1", "", { "os": "linux", "cpu": "ppc64" }, "sha512-vLmdNxWCdN7Uo5suays6A/+ywBby2PWBBPXctWPg5V0+eVuzsJxgAn6MMB4mPlshskYbppjpN2Zg83ArHze9gQ=="],

    "@oxc-resolver/binding-linux-riscv64-gnu": ["@oxc-resolver/binding-linux-riscv64-gnu@11.19.1", "", { "os": "linux", "cpu": "none" }, "sha512-/b+WgR+VTSBxzgOhDO7TlMXC1ufPIMR6Vj1zN+/x+MnyXGW7prTLzU9eW85Aj7Th7CCEG9ArCbTeqxCzFWdg2w=="],

    "@oxc-resolver/binding-linux-riscv64-musl": ["@oxc-resolver/binding-linux-riscv64-musl@11.19.1", "", { "os": "linux", "cpu": "none" }, "sha512-YlRdeWb9j42p29ROh+h4eg/OQ3dTJlpHSa+84pUM9+p6i3djtPz1q55yLJhgW9XfDch7FN1pQ/Vd6YP+xfRIuw=="],

    "@oxc-resolver/binding-linux-s390x-gnu": ["@oxc-resolver/binding-linux-s390x-gnu@11.19.1", "", { "os": "linux", "cpu": "s390x" }, "sha512-EDpafVOQWF8/MJynsjOGFThcqhRHy417sRyLfQmeiamJ8qVhSKAn2Dn2VVKUGCjVB9C46VGjhNo7nOPUi1x6uA=="],

    "@oxc-resolver/binding-linux-x64-gnu": ["@oxc-resolver/binding-linux-x64-gnu@11.19.1", "", { "os": "linux", "cpu": "x64" }, "sha512-NxjZe+rqWhr+RT8/Ik+5ptA3oz7tUw361Wa5RWQXKnfqwSSHdHyrw6IdcTfYuml9dM856AlKWZIUXDmA9kkiBQ=="],

    "@oxc-resolver/binding-linux-x64-musl": ["@oxc-resolver/binding-linux-x64-musl@11.19.1", "", { "os": "linux", "cpu": "x64" }, "sha512-cM/hQwsO3ReJg5kR+SpI69DMfvNCp+A/eVR4b4YClE5bVZwz8rh2Nh05InhwI5HR/9cArbEkzMjcKgTHS6UaNw=="],

    "@oxc-resolver/binding-openharmony-arm64": ["@oxc-resolver/binding-openharmony-arm64@11.19.1", "", { "os": "none", "cpu": "arm64" }, "sha512-QF080IowFB0+9Rh6RcD19bdgh49BpQHUW5TajG1qvWHvmrQznTZZjYlgE2ltLXyKY+qs4F/v5xuX1XS7Is+3qA=="],

    "@oxc-resolver/binding-wasm32-wasi": ["@oxc-resolver/binding-wasm32-wasi@11.19.1", "", { "dependencies": { "@napi-rs/wasm-runtime": "^1.1.1" }, "cpu": "none" }, "sha512-w8UCKhX826cP/ZLokXDS6+milN8y4X7zidsAttEdWlVoamTNf6lhBJldaWr3ukTDiye7s4HRcuPEPOXNC432Vg=="],

    "@oxc-resolver/binding-win32-arm64-msvc": ["@oxc-resolver/binding-win32-arm64-msvc@11.19.1", "", { "os": "win32", "cpu": "arm64" }, "sha512-nJ4AsUVZrVKwnU/QRdzPCCrO0TrabBqgJ8pJhXITdZGYOV28TIYystV1VFLbQ7DtAcaBHpocT5/ZJnF78YJPtQ=="],

    "@oxc-resolver/binding-win32-ia32-msvc": ["@oxc-resolver/binding-win32-ia32-msvc@11.19.1", "", { "os": "win32", "cpu": "ia32" }, "sha512-EW+ND5q2Tl+a3pH81l1QbfgbF3HmqgwLfDfVithRFheac8OTcnbXt/JxqD2GbDkb7xYEqy1zNaVFRr3oeG8npA=="],

    "@oxc-resolver/binding-win32-x64-msvc": ["@oxc-resolver/binding-win32-x64-msvc@11.19.1", "", { "os": "win32", "cpu": "x64" }, "sha512-6hIU3RQu45B+VNTY4Ru8ppFwjVS/S5qwYyGhBotmjxfEKk41I2DlGtRfGJndZ5+6lneE2pwloqunlOyZuX/XAw=="],

    "@tybys/wasm-util": ["@tybys/wasm-util@0.10.1", "", { "dependencies": { "tslib": "^2.4.0" } }, "sha512-9tTaPJLSiejZKx+Bmog4uSubteqTvFrVrURwkmHixBo0G4seD0zUxp98E1DzUBJxLQ3NPwXrGKDiVjwx/DpPsg=="],

    "@types/bun": ["@types/bun@1.3.10", "", { "dependencies": { "bun-types": "1.3.10" } }, "sha512-0+rlrUrOrTSskibryHbvQkDOWRJwJZqZlxrUs1u4oOoTln8+WIXBPmAuCF35SWB2z4Zl3E84Nl/D0P7803nigQ=="],

    "@types/node": ["@types/node@25.3.5", "", { "dependencies": { "undici-types": "~7.18.0" } }, "sha512-oX8xrhvpiyRCQkG1MFchB09f+cXftgIXb3a7UUa4Y3wpmZPw5tyZGTLWhlESOLq1Rq6oDlc8npVU2/9xiCuXMA=="],

    "argparse": ["argparse@2.0.1", "", {}, "sha512-8+9WqebbFzpX9OR+Wa6O29asIogeRMzcGtAINdpMHHyAg10f05aSFVBbcEqGf/PXw1EjAZ+q2/bEBg3DvurK3Q=="],

    "braces": ["braces@3.0.3", "", { "dependencies": { "fill-range": "^7.1.1" } }, "sha512-yQbXgO/OSZVD2IsiLlro+7Hf6Q18EJrKSEsdoMzKePKXct3gvD8oLcOQdIzGupr5Fj+EDe8gO/lxc1BzfMpxvA=="],

    "bun-types": ["bun-types@1.3.10", "", { "dependencies": { "@types/node": "*" } }, "sha512-tcpfCCl6XWo6nCVnpcVrxQ+9AYN1iqMIzgrSKYMB/fjLtV2eyAVEg7AxQJuCq/26R6HpKWykQXuSOq/21RYcbg=="],

    "chardet": ["chardet@2.1.1", "", {}, "sha512-PsezH1rqdV9VvyNhxxOW32/d75r01NY7TQCmOqomRo15ZSOKbpTFVsfjghxo6JloQUCGnH4k1LGu0R4yCLlWQQ=="],

    "cli-width": ["cli-width@4.1.0", "", {}, "sha512-ouuZd4/dm2Sw5Gmqy6bGyNNNe1qt9RpmxveLSO7KcgsTnU7RXfsw+/bukWGo1abgBiMAic068rclZsO4IWmmxQ=="],

    "fast-glob": ["fast-glob@3.3.3", "", { "dependencies": { "@nodelib/fs.stat": "^2.0.2", "@nodelib/fs.walk": "^1.2.3", "glob-parent": "^5.1.2", "merge2": "^1.3.0", "micromatch": "^4.0.8" } }, "sha512-7MptL8U0cqcFdzIzwOTHoilX9x5BrNqye7Z/LuC7kCMRio1EMSyqRK3BEAUD7sXRq4iT4AzTVuZdhgQ2TCvYLg=="],

    "fast-string-truncated-width": ["fast-string-truncated-width@3.0.3", "", {}, "sha512-0jjjIEL6+0jag3l2XWWizO64/aZVtpiGE3t0Zgqxv0DPuxiMjvB3M24fCyhZUO4KomJQPj3LTSUnDP3GpdwC0g=="],

    "fast-string-width": ["fast-string-width@3.0.2", "", { "dependencies": { "fast-string-truncated-width": "^3.0.2" } }, "sha512-gX8LrtNEI5hq8DVUfRQMbr5lpaS4nMIWV+7XEbXk2b8kiQIizgnlr12B4dA3ZEx3308ze0O4Q1R+cHts8kyUJg=="],

    "fast-wrap-ansi": ["fast-wrap-ansi@0.2.0", "", { "dependencies": { "fast-string-width": "^3.0.2" } }, "sha512-rLV8JHxTyhVmFYhBJuMujcrHqOT2cnO5Zxj37qROj23CP39GXubJRBUFF0z8KFK77Uc0SukZUf7JZhsVEQ6n8w=="],

    "fastq": ["fastq@1.20.1", "", { "dependencies": { "reusify": "^1.0.4" } }, "sha512-GGToxJ/w1x32s/D2EKND7kTil4n8OVk/9mycTc4VDza13lOvpUZTGX3mFSCtV9ksdGBVzvsyAVLM6mHFThxXxw=="],

    "fd-package-json": ["fd-package-json@2.0.0", "", { "dependencies": { "walk-up-path": "^4.0.0" } }, "sha512-jKmm9YtsNXN789RS/0mSzOC1NUq9mkVd65vbSSVsKdjGvYXBuE4oWe2QOEoFeRmJg+lPuZxpmrfFclNhoRMneQ=="],

    "fill-range": ["fill-range@7.1.1", "", { "dependencies": { "to-regex-range": "^5.0.1" } }, "sha512-YsGpe3WHLK8ZYi4tWDg2Jy3ebRz2rXowDxnld4bkQB00cc/1Zw9AWnC0i9ztDJitivtQvaI9KaLyKrc+hBW0yg=="],

    "formatly": ["formatly@0.3.0", "", { "dependencies": { "fd-package-json": "^2.0.0" }, "bin": { "formatly": "bin/index.mjs" } }, "sha512-9XNj/o4wrRFyhSMJOvsuyMwy8aUfBaZ1VrqHVfohyXf0Sw0e+yfKG+xZaY3arGCOMdwFsqObtzVOc1gU9KiT9w=="],

    "glob-parent": ["glob-parent@5.1.2", "", { "dependencies": { "is-glob": "^4.0.1" } }, "sha512-AOIgSQCepiJYwP3ARnGx+5VnTu2HBYdzbGP45eLw1vr3zB3vZLeyed1sC9hnbcOc9/SrMyM5RPQrkGz4aS9Zow=="],

    "iconv-lite": ["iconv-lite@0.7.2", "", { "dependencies": { "safer-buffer": ">= 2.1.2 < 3.0.0" } }, "sha512-im9DjEDQ55s9fL4EYzOAv0yMqmMBSZp6G0VvFyTMPKWxiSBHUj9NW/qqLmXUwXrrM7AvqSlTCfvqRb0cM8yYqw=="],

    "is-extglob": ["is-extglob@2.1.1", "", {}, "sha512-SbKbANkN603Vi4jEZv49LeVJMn4yGwsbzZworEoyEiutsN3nJYdbO36zfhGJ6QEDpOZIFkDtnq5JRxmvl3jsoQ=="],

    "is-glob": ["is-glob@4.0.3", "", { "dependencies": { "is-extglob": "^2.1.1" } }, "sha512-xelSayHH36ZgE7ZWhli7pW34hNbNl8Ojv5KVmkJD4hBdD3th8Tfk9vYasLM+mXWOZhFkgZfxhLSnrwRr4elSSg=="],

    "is-number": ["is-number@7.0.0", "", {}, "sha512-41Cifkg6e8TylSpdtTpeLVMqvSBEVzTttHvERD741+pnZ8ANv0004MRL43QKPDlK9cGvNp6NZWZUBlbGXYxxng=="],

    "jiti": ["jiti@2.6.1", "", { "bin": { "jiti": "lib/jiti-cli.mjs" } }, "sha512-ekilCSN1jwRvIbgeg/57YFh8qQDNbwDb9xT/qu2DAHbFFZUicIl4ygVaAvzveMhMVr3LnpSKTNnwt8PoOfmKhQ=="],

    "js-yaml": ["js-yaml@4.1.1", "", { "dependencies": { "argparse": "^2.0.1" }, "bin": { "js-yaml": "bin/js-yaml.js" } }, "sha512-qQKT4zQxXl8lLwBtHMWwaTcGfFOZviOJet3Oy/xmGk2gZH677CJM9EvtfdSkgWcATZhj/55JZ0rmy3myCT5lsA=="],

    "knip": ["knip@5.85.0", "", { "dependencies": { "@nodelib/fs.walk": "^1.2.3", "fast-glob": "^3.3.3", "formatly": "^0.3.0", "jiti": "^2.6.0", "js-yaml": "^4.1.1", "minimist": "^1.2.8", "oxc-resolver": "^11.15.0", "picocolors": "^1.1.1", "picomatch": "^4.0.1", "smol-toml": "^1.5.2", "strip-json-comments": "5.0.3", "zod": "^4.1.11" }, "peerDependencies": { "@types/node": ">=18", "typescript": ">=5.0.4 <7" }, "bin": { "knip": "bin/knip.js", "knip-bun": "bin/knip-bun.js" } }, "sha512-V2kyON+DZiYdNNdY6GALseiNCwX7dYdpz9Pv85AUn69Gk0UKCts+glOKWfe5KmaMByRjM9q17Mzj/KinTVOyxg=="],

    "merge2": ["merge2@1.4.1", "", {}, "sha512-8q7VEgMJW4J8tcfVPy8g09NcQwZdbwFEqhe/WZkoIzjn/3TGDwtOCYtXGxA3O8tPzpczCCDgv+P2P5y00ZJOOg=="],

    "micromatch": ["micromatch@4.0.8", "", { "dependencies": { "braces": "^3.0.3", "picomatch": "^2.3.1" } }, "sha512-PXwfBhYu0hBCPw8Dn0E+WDYb7af3dSLVWKi3HGv84IdF4TyFoC0ysxFd0Goxw7nSv4T/PzEJQxsYsEiFCKo2BA=="],

    "minimist": ["minimist@1.2.8", "", {}, "sha512-2yyAR8qBkN3YuheJanUpWC5U3bb5osDywNB8RzDVlDwDHbocAJveqqj1u8+SVD7jkWT4yvsHCpWqqWqAxb0zCA=="],

    "mute-stream": ["mute-stream@3.0.0", "", {}, "sha512-dkEJPVvun4FryqBmZ5KhDo0K9iDXAwn08tMLDinNdRBNPcYEDiWYysLcc6k3mjTMlbP9KyylvRpd4wFtwrT9rw=="],

    "oxc-resolver": ["oxc-resolver@11.19.1", "", { "optionalDependencies": { "@oxc-resolver/binding-android-arm-eabi": "11.19.1", "@oxc-resolver/binding-android-arm64": "11.19.1", "@oxc-resolver/binding-darwin-arm64": "11.19.1", "@oxc-resolver/binding-darwin-x64": "11.19.1", "@oxc-resolver/binding-freebsd-x64": "11.19.1", "@oxc-resolver/binding-linux-arm-gnueabihf": "11.19.1", "@oxc-resolver/binding-linux-arm-musleabihf": "11.19.1", "@oxc-resolver/binding-linux-arm64-gnu": "11.19.1", "@oxc-resolver/binding-linux-arm64-musl": "11.19.1", "@oxc-resolver/binding-linux-ppc64-gnu": "11.19.1", "@oxc-resolver/binding-linux-riscv64-gnu": "11.19.1", "@oxc-resolver/binding-linux-riscv64-musl": "11.19.1", "@oxc-resolver/binding-linux-s390x-gnu": "11.19.1", "@oxc-resolver/binding-linux-x64-gnu": "11.19.1", "@oxc-resolver/binding-linux-x64-musl": "11.19.1", "@oxc-resolver/binding-openharmony-arm64": "11.19.1", "@oxc-resolver/binding-wasm32-wasi": "11.19.1", "@oxc-resolver/binding-win32-arm64-msvc": "11.19.1", "@oxc-resolver/binding-win32-ia32-msvc": "11.19.1", "@oxc-resolver/binding-win32-x64-msvc": "11.19.1" } }, "sha512-qE/CIg/spwrTBFt5aKmwe3ifeDdLfA2NESN30E42X/lII5ClF8V7Wt6WIJhcGZjp0/Q+nQ+9vgxGk//xZNX2hg=="],

    "picocolors": ["picocolors@1.1.1", "", {}, "sha512-xceH2snhtb5M9liqDsmEw56le376mTZkEX/jEb/RxNFyegNul7eNslCXP9FDj/Lcu0X8KEyMceP2ntpaHrDEVA=="],

    "picomatch": ["picomatch@4.0.3", "", {}, "sha512-5gTmgEY/sqK6gFXLIsQNH19lWb4ebPDLA4SdLP7dsWkIXHWlG66oPuVvXSGFPppYZz8ZDZq0dYYrbHfBCVUb1Q=="],

    "queue-microtask": ["queue-microtask@1.2.3", "", {}, "sha512-NuaNSa6flKT5JaSYQzJok04JzTL1CA6aGhv5rfLW3PgqA+M2ChpZQnAC8h8i4ZFkBS8X5RqkDBHA7r4hej3K9A=="],

    "reusify": ["reusify@1.1.0", "", {}, "sha512-g6QUff04oZpHs0eG5p83rFLhHeV00ug/Yf9nZM6fLeUrPguBTkTQOdpAWWspMh55TZfVQDPaN3NQJfbVRAxdIw=="],

    "run-parallel": ["run-parallel@1.2.0", "", { "dependencies": { "queue-microtask": "^1.2.2" } }, "sha512-5l4VyZR86LZ/lDxZTR6jqL8AFE2S0IFLMP26AbjsLVADxHdhB/c0GUsH+y39UfCi3dzz8OlQuPmnaJOMoDHQBA=="],

    "safer-buffer": ["safer-buffer@2.1.2", "", {}, "sha512-YZo3K82SD7Riyi0E1EQPojLz7kpepnSQI9IyPbHHg1XXXevb5dJI7tpyN2ADxGcQbHG7vcyRHk0cbwqcQriUtg=="],

    "signal-exit": ["signal-exit@4.1.0", "", {}, "sha512-bzyZ1e88w9O1iNJbKnOlvYTrWPDl46O1bG0D3XInv+9tkPrxrN8jUUTiFlDkkmKWgn1M6CfIA13SuGqOa9Korw=="],

    "smol-toml": ["smol-toml@1.6.0", "", {}, "sha512-4zemZi0HvTnYwLfrpk/CF9LOd9Lt87kAt50GnqhMpyF9U3poDAP2+iukq2bZsO/ufegbYehBkqINbsWxj4l4cw=="],

    "strip-json-comments": ["strip-json-comments@5.0.3", "", {}, "sha512-1tB5mhVo7U+ETBKNf92xT4hrQa3pm0MZ0PQvuDnWgAAGHDsfp4lPSpiS6psrSiet87wyGPh9ft6wmhOMQ0hDiw=="],

    "to-regex-range": ["to-regex-range@5.0.1", "", { "dependencies": { "is-number": "^7.0.0" } }, "sha512-65P7iz6X5yEr1cwcgvQxbbIw7Uk3gOy5dIdtZ4rDveLqhrdJP+Li/Hx6tyK0NEb+2GCyneCMJiGqrADCSNk8sQ=="],

    "tslib": ["tslib@2.8.1", "", {}, "sha512-oJFu94HQb+KVduSUQL7wnpmqnfmLsOA/nAh6b6EH0wCEoK0/mPeXU6c3wKDV83MkOuHPRHtSXKKU99IBazS/2w=="],

    "typescript": ["typescript@5.9.3", "", { "bin": { "tsc": "bin/tsc", "tsserver": "bin/tsserver" } }, "sha512-jl1vZzPDinLr9eUt3J/t7V6FgNEw9QjvBPdysz9KfQDD41fQrC2Y4vKQdiaUpFT4bXlb1RHhLpp8wtm6M5TgSw=="],

    "undici-types": ["undici-types@7.18.2", "", {}, "sha512-AsuCzffGHJybSaRrmr5eHr81mwJU3kjw6M+uprWvCXiNeN9SOGwQ3Jn8jb8m3Z6izVgknn1R0FTCEAP2QrLY/w=="],

    "walk-up-path": ["walk-up-path@4.0.0", "", {}, "sha512-3hu+tD8YzSLGuFYtPRb48vdhKMi0KQV5sn+uWr8+7dMEq/2G/dtLrdDinkLjqq5TIbIBjYJ4Ax/n3YiaW7QM8A=="],

    "zod": ["zod@4.3.6", "", {}, "sha512-rftlrkhHZOcjDwkGlnUtZZkvaPHCsDATp4pGpuOOMDaTdDDXF91wuVDJoWoPsKX/3YPQ5fHuF3STjcYyKr+Qhg=="],

    "micromatch/picomatch": ["picomatch@2.3.1", "", {}, "sha512-JU3teHTNjmE2VCGFzuY8EXzCDVwEqB2a8fsIvwaStHhAWJEeVd1o1QD80CU6+ZdEXXSLbSsuLwJjkCBWqRQUVA=="],
  }
}
